
Microsoft Visual Studio Solution File, Format Version 12.00
# Visual Studio Version 16
VisualStudioVersion = 16.0.29613.14
MinimumVisualStudioVersion = 10.0.40219.1
Project("{FAE04EC0-301F-11D3-BF4B-00C04F79EFBC}") = "StackList.Android", "StackList\StackList.Android\StackList.Android.csproj", "{FB6D228E-2AB0-48BC-80AC-FF833727B3D7}"
EndProject
Project("{9A19103F-16F7-4668-BE54-9A1E7A4F7556}") = "StackList", "StackList\StackList\StackList.csproj", "{8F4C6EE4-464B-45EA-A390-291EFCCB04B0}"
EndProject
Project("{FAE04EC0-301F-11D3-BF4B-00C04F79EFBC}") = "StackList.Shared", "StackList.Shared\StackList.Shared.csproj", "{42A9FC26-B938-44E2-86F4-0154B4C2549D}"
EndProject
Global
	GlobalSection(SolutionConfigurationPlatforms) = preSolution
		Debug|Any CPU = Debug|Any CPU
		Release|Any CPU = Release|Any CPU
	EndGlobalSection
	GlobalSection(ProjectConfigurationPlatforms) = postSolution
		{FB6D228E-2AB0-48BC-80AC-FF833727B3D7}.Debug|Any CPU.ActiveCfg = Debug|Any CPU
		{FB6D228E-2AB0-48BC-80AC-FF833727B3D7}.Debug|Any CPU.Build.0 = Debug|Any CPU
		{FB6D228E-2AB0-48BC-80AC-FF833727B3D7}.Debug|Any CPU.Deploy.0 = Debug|Any CPU
		{FB6D228E-2AB0-48BC-80AC-FF833727B3D7}.Release|Any CPU.ActiveCfg = Release|Any CPU
		{FB6D228E-2AB0-48BC-80AC-FF833727B3D7}.Release|Any CPU.Build.0 = Release|Any CPU
		{FB6D228E-2AB0-48BC-80AC-FF833727B3D7}.Release|Any CPU.Deploy.0 = Release|Any CPU
		{8F4C6EE4-464B-45EA-A390-291EFCCB04B0}.Debug|Any CPU.ActiveCfg = Debug|Any CPU
		{8F4C6EE4-464B-45EA-A390-291EFCCB04B0}.Debug|Any CPU.Build.0 = Debug|Any CPU
		{8F4C6EE4-464B-45EA-A390-291EFCCB04B0}.Debug|Any CPU.Deploy.0 = Debug|Any CPU
		{8F4C6EE4-464B-45EA-A390-291EFCCB04B0}.Release|Any CPU.ActiveCfg = Release|Any CPU
		{8F4C6EE4-464B-45EA-A390-291EFCCB04B0}.Release|Any CPU.Build.0 = Release|Any CPU
		{8F4C6EE4-464B-45EA-A390-291EFCCB04B0}.Release|Any CPU.Deploy.0 = Release|Any CPU
		{42A9FC26-B938-44E2-86F4-0154B4C2549D}.Debug|Any CPU.ActiveCfg = Debug|Any CPU
		{42A9FC26-B938-44E2-86F4-0154B4C2549D}.Debug|Any CPU.Build.0 = Debug|Any CPU
		{42A9FC26-B938-44E2-86F4-0154B4C2549D}.Release|Any CPU.ActiveCfg = Release|Any CPU
		{42A9FC26-B938-44E2-86F4-0154B4C2549D}.Release|Any CPU.Build.0 = Release|Any CPU
	EndGlobalSection
	GlobalSection(SolutionProperties) = preSolution
		HideSolutionNode = FALSE
	EndGlobalSection
	GlobalSection(ExtensibilityGlobals) = postSolution
		SolutionGuid = {BF4A04E4-9FFD-4E8B-A2EF-38B92390B8B3}
	EndGlobalSection
EndGlobal
